// !$*UTF8*$!
{
	archiveVersion = 1;
	classes = {
	};
	objectVersion = 55;
	objects = {

/* Begin PBXBuildFile section */
		EA14D4F02786B16C00EDC892 /* AppDelegate.swift in Sources */ = {isa = PBXBuildFile; fileRef = EA14D4EF2786B16C00EDC892 /* AppDelegate.swift */; };
		EA14D4F22786B16C00EDC892 /* SceneDelegate.swift in Sources */ = {isa = PBXBuildFile; fileRef = EA14D4F12786B16C00EDC892 /* SceneDelegate.swift */; };
		EA14D4F42786B16C00EDC892 /* SplashViewController.swift in Sources */ = {isa = PBXBuildFile; fileRef = EA14D4F32786B16C00EDC892 /* SplashViewController.swift */; };
		EA14D4FA2786B16C00EDC892 /* CocoTalk.xcdatamodeld in Sources */ = {isa = PBXBuildFile; fileRef = EA14D4F82786B16C00EDC892 /* CocoTalk.xcdatamodeld */; };
		EA14D4FC2786B16E00EDC892 /* Assets.xcassets in Resources */ = {isa = PBXBuildFile; fileRef = EA14D4FB2786B16E00EDC892 /* Assets.xcassets */; };
		EA14D4FF2786B16E00EDC892 /* LaunchScreen.storyboard in Resources */ = {isa = PBXBuildFile; fileRef = EA14D4FD2786B16E00EDC892 /* LaunchScreen.storyboard */; };
		EA14D5172786CA8800EDC892 /* IQKeyboardManagerSwift in Frameworks */ = {isa = PBXBuildFile; productRef = EA14D5162786CA8800EDC892 /* IQKeyboardManagerSwift */; };
		EA22D5312793D9CC00E1F39A /* EmailAuthNumberViewController.swift in Sources */ = {isa = PBXBuildFile; fileRef = EA22D5302793D9CC00E1F39A /* EmailAuthNumberViewController.swift */; };
		EA22D5362794E4FD00E1F39A /* ProfileTableViewCell.swift in Sources */ = {isa = PBXBuildFile; fileRef = EA22D5352794E4FD00E1F39A /* ProfileTableViewCell.swift */; };
		EA22D5382794E76E00E1F39A /* ProfileImageView.swift in Sources */ = {isa = PBXBuildFile; fileRef = EA22D5372794E76E00E1F39A /* ProfileImageView.swift */; };
		EA22D53B2794F7CF00E1F39A /* FriendListViewController.swift in Sources */ = {isa = PBXBuildFile; fileRef = EA22D53A2794F7CF00E1F39A /* FriendListViewController.swift */; };
		EA22D53E2794F7E100E1F39A /* RootTabBarController.swift in Sources */ = {isa = PBXBuildFile; fileRef = EA22D53D2794F7E100E1F39A /* RootTabBarController.swift */; };
		EA22D540279544A100E1F39A /* FirendListViewModel.swift in Sources */ = {isa = PBXBuildFile; fileRef = EA22D53F279544A100E1F39A /* FirendListViewModel.swift */; };
		EA22D542279544E100E1F39A /* ModelProfile.swift in Sources */ = {isa = PBXBuildFile; fileRef = EA22D541279544E100E1F39A /* ModelProfile.swift */; };
		EA22D5442795511800E1F39A /* MyProfileCell.swift in Sources */ = {isa = PBXBuildFile; fileRef = EA22D5432795511800E1F39A /* MyProfileCell.swift */; };
		EA22D5472795925700E1F39A /* Kingfisher in Frameworks */ = {isa = PBXBuildFile; productRef = EA22D5462795925700E1F39A /* Kingfisher */; };
		EA22D54F27967C1500E1F39A /* ChatRoomListViewController.swift in Sources */ = {isa = PBXBuildFile; fileRef = EA22D54E27967C1500E1F39A /* ChatRoomListViewController.swift */; };
		EA22D55127967C2F00E1F39A /* ChatRoomListViewModel.swift in Sources */ = {isa = PBXBuildFile; fileRef = EA22D55027967C2F00E1F39A /* ChatRoomListViewModel.swift */; };
		EA22D55427967CED00E1F39A /* ChatRoomCell.swift in Sources */ = {isa = PBXBuildFile; fileRef = EA22D55327967CED00E1F39A /* ChatRoomCell.swift */; };
		EA22D559279797D000E1F39A /* ChatRoomViewController.swift in Sources */ = {isa = PBXBuildFile; fileRef = EA22D558279797D000E1F39A /* ChatRoomViewController.swift */; };
		EA22D55B279797DB00E1F39A /* ChatRoomViewModel.swift in Sources */ = {isa = PBXBuildFile; fileRef = EA22D55A279797DB00E1F39A /* ChatRoomViewModel.swift */; };
		EA22D55D2797EA8000E1F39A /* ProfileCellDelegate.swift in Sources */ = {isa = PBXBuildFile; fileRef = EA22D55C2797EA8000E1F39A /* ProfileCellDelegate.swift */; };
		EA22D55F2797FB6900E1F39A /* UILabel+Ext.swift in Sources */ = {isa = PBXBuildFile; fileRef = EA22D55E2797FB6900E1F39A /* UILabel+Ext.swift */; };
		EA22D5612797FC2800E1F39A /* UIImageView+Ext.swift in Sources */ = {isa = PBXBuildFile; fileRef = EA22D5602797FC2800E1F39A /* UIImageView+Ext.swift */; };
		EA2913D627AA2DAD00324476 /* Moya in Frameworks */ = {isa = PBXBuildFile; productRef = EA2913D527AA2DAD00324476 /* Moya */; };
		EA2913D827AA2DAD00324476 /* ReactiveMoya in Frameworks */ = {isa = PBXBuildFile; productRef = EA2913D727AA2DAD00324476 /* ReactiveMoya */; };
		EA2913DA27AA2DAD00324476 /* RxMoya in Frameworks */ = {isa = PBXBuildFile; productRef = EA2913D927AA2DAD00324476 /* RxMoya */; };
		EA2913DD27AA349D00324476 /* BaseRepository.swift in Sources */ = {isa = PBXBuildFile; fileRef = EA2913DC27AA349D00324476 /* BaseRepository.swift */; };
		EA2913DF27AA43D800324476 /* APIError.swift in Sources */ = {isa = PBXBuildFile; fileRef = EA2913DE27AA43D800324476 /* APIError.swift */; };
		EA2913E327AA6B2700324476 /* ChatRoomRepository.swift in Sources */ = {isa = PBXBuildFile; fileRef = EA2913E227AA6B2700324476 /* ChatRoomRepository.swift */; };
		EA2913E527AA6B3200324476 /* MessageRepository.swift in Sources */ = {isa = PBXBuildFile; fileRef = EA2913E427AA6B3200324476 /* MessageRepository.swift */; };
		EA2913E727AB6CE300324476 /* UserRepository.swift in Sources */ = {isa = PBXBuildFile; fileRef = EA2913E627AB6CE300324476 /* UserRepository.swift */; };
		EA2913F427AC0B1E00324476 /* SmsAuthViewModel.swift in Sources */ = {isa = PBXBuildFile; fileRef = EA2913F327AC0B1E00324476 /* SmsAuthViewModel.swift */; };
		EA2913F627AC0F5900324476 /* String+Ext.swift in Sources */ = {isa = PBXBuildFile; fileRef = EA2913F527AC0F5900324476 /* String+Ext.swift */; };
		EA2913FA27AC4D7000324476 /* ModelSignupData.swift in Sources */ = {isa = PBXBuildFile; fileRef = EA2913F927AC4D6F00324476 /* ModelSignupData.swift */; };
		EA2913FC27AF5F4500324476 /* UserDefaultsKeyEnum.swift in Sources */ = {isa = PBXBuildFile; fileRef = EA2913FB27AF5F4500324476 /* UserDefaultsKeyEnum.swift */; };
		EA2913FE27AF6A4E00324476 /* UserDefaults+Ext.swift in Sources */ = {isa = PBXBuildFile; fileRef = EA2913FD27AF6A4E00324476 /* UserDefaults+Ext.swift */; };
		EA29140027AF9C0000324476 /* PasswordViewModel.swift in Sources */ = {isa = PBXBuildFile; fileRef = EA2913FF27AF9C0000324476 /* PasswordViewModel.swift */; };
		EA29140227B0A65300324476 /* EmailAuthViewModel.swift in Sources */ = {isa = PBXBuildFile; fileRef = EA29140127B0A65300324476 /* EmailAuthViewModel.swift */; };
		EA29140427B0AB0C00324476 /* AuthRepository.swift in Sources */ = {isa = PBXBuildFile; fileRef = EA29140327B0AB0C00324476 /* AuthRepository.swift */; };
		EA29140627B0B04F00324476 /* AuthAPI.swift in Sources */ = {isa = PBXBuildFile; fileRef = EA29140527B0B04F00324476 /* AuthAPI.swift */; };
		EA29140927B0B13E00324476 /* ModelSignupResponse.swift in Sources */ = {isa = PBXBuildFile; fileRef = EA29140827B0B13E00324476 /* ModelSignupResponse.swift */; };
		EA29140B27B0B14E00324476 /* ModelEmailVerifyResponse.swift in Sources */ = {isa = PBXBuildFile; fileRef = EA29140A27B0B14E00324476 /* ModelEmailVerifyResponse.swift */; };
		EA29140D27B0B16F00324476 /* URL+Ext.swift in Sources */ = {isa = PBXBuildFile; fileRef = EA29140C27B0B16F00324476 /* URL+Ext.swift */; };
		EA29140F27B0B36400324476 /* ModelEmailVerifyRequest.swift in Sources */ = {isa = PBXBuildFile; fileRef = EA29140E27B0B36400324476 /* ModelEmailVerifyRequest.swift */; };
		EA29141327B0B40800324476 /* APIResult_0.swift in Sources */ = {isa = PBXBuildFile; fileRef = EA29141227B0B40800324476 /* APIResult_0.swift */; };
		EA29141727B0F35900324476 /* APIResult_1.swift in Sources */ = {isa = PBXBuildFile; fileRef = EA29141627B0F35900324476 /* APIResult_1.swift */; };
		EA29141927B1096C00324476 /* EmailRegisterViewModel.swift in Sources */ = {isa = PBXBuildFile; fileRef = EA29141827B1096C00324476 /* EmailRegisterViewModel.swift */; };
		EA29141B27B10C0100324476 /* ModelIssueEmailCodeRequest.swift in Sources */ = {isa = PBXBuildFile; fileRef = EA29141A27B10C0100324476 /* ModelIssueEmailCodeRequest.swift */; };
		EA29141D27B10C2E00324476 /* ModelIssueEmailCodeResponse.swift in Sources */ = {isa = PBXBuildFile; fileRef = EA29141C27B10C2E00324476 /* ModelIssueEmailCodeResponse.swift */; };
		EA29141F27B1375300324476 /* ModelSignupRequest.swift in Sources */ = {isa = PBXBuildFile; fileRef = EA29141E27B1375300324476 /* ModelSignupRequest.swift */; };
		EA29142127B1514200324476 /* ModelSigninRequest.swift in Sources */ = {isa = PBXBuildFile; fileRef = EA29142027B1514200324476 /* ModelSigninRequest.swift */; };
		EA29142327B1518200324476 /* ModelSigninResponse.swift in Sources */ = {isa = PBXBuildFile; fileRef = EA29142227B1518200324476 /* ModelSigninResponse.swift */; };
		EA29142627B154EB00324476 /* SwiftKeychainWrapper in Frameworks */ = {isa = PBXBuildFile; productRef = EA29142527B154EB00324476 /* SwiftKeychainWrapper */; };
		EA29142827B1612700324476 /* KeyChainWrapper+Ext.swift in Sources */ = {isa = PBXBuildFile; fileRef = EA29142727B1612700324476 /* KeyChainWrapper+Ext.swift */; };
		EA29142C27B20A1400324476 /* FirebaseAnalytics in Frameworks */ = {isa = PBXBuildFile; productRef = EA29142B27B20A1400324476 /* FirebaseAnalytics */; };
		EA29142E27B20A1400324476 /* FirebaseAuth in Frameworks */ = {isa = PBXBuildFile; productRef = EA29142D27B20A1400324476 /* FirebaseAuth */; };
		EA29143027B20A1400324476 /* FirebaseMessaging in Frameworks */ = {isa = PBXBuildFile; productRef = EA29142F27B20A1400324476 /* FirebaseMessaging */; };
		EA29143227B20B6900324476 /* GoogleService-Info.plist in Resources */ = {isa = PBXBuildFile; fileRef = EA29143127B20B6900324476 /* GoogleService-Info.plist */; };
		EA29143727B2290C00324476 /* APIResult_Device.swift in Sources */ = {isa = PBXBuildFile; fileRef = EA29143627B2290C00324476 /* APIResult_Device.swift */; };
		EA29143927B2942900324476 /* SplashViewModel.swift in Sources */ = {isa = PBXBuildFile; fileRef = EA29143827B2942800324476 /* SplashViewModel.swift */; };
		EA29143C27B339D700324476 /* SigninViewModel.swift in Sources */ = {isa = PBXBuildFile; fileRef = EA29143B27B339D700324476 /* SigninViewModel.swift */; };
		EA29143E27B37C4800324476 /* WebSocketHelper.swift in Sources */ = {isa = PBXBuildFile; fileRef = EA29143D27B37C4700324476 /* WebSocketHelper.swift */; };
		EA29144027B37C5A00324476 /* ContactHelper.swift in Sources */ = {isa = PBXBuildFile; fileRef = EA29143F27B37C5A00324476 /* ContactHelper.swift */; };
		EA29144927B3A6B600324476 /* UserAPI.swift in Sources */ = {isa = PBXBuildFile; fileRef = EA29144827B3A6B600324476 /* UserAPI.swift */; };
		EA29144D27B3C23A00324476 /* Encodable+Ext.swift in Sources */ = {isa = PBXBuildFile; fileRef = EA29144C27B3C23A00324476 /* Encodable+Ext.swift */; };
		EA29145227B3D49800324476 /* ModelRoom.swift in Sources */ = {isa = PBXBuildFile; fileRef = EA29145127B3D49800324476 /* ModelRoom.swift */; };
		EA29145427B3D4A000324476 /* ModelRoomList.swift in Sources */ = {isa = PBXBuildFile; fileRef = EA29145327B3D4A000324476 /* ModelRoomList.swift */; };
		EA29145627B3D75400324476 /* RoomAPI.swift in Sources */ = {isa = PBXBuildFile; fileRef = EA29145527B3D75400324476 /* RoomAPI.swift */; };
		EA29145827B3DE1500324476 /* ModelChatMessage.swift in Sources */ = {isa = PBXBuildFile; fileRef = EA29145727B3DE1500324476 /* ModelChatMessage.swift */; };
		EA29145B27B3E22A00324476 /* GNBView.swift in Sources */ = {isa = PBXBuildFile; fileRef = EA29145A27B3E22A00324476 /* GNBView.swift */; };
		EA29145D27B3F77D00324476 /* CoreDataHelper.swift in Sources */ = {isa = PBXBuildFile; fileRef = EA29145C27B3F77D00324476 /* CoreDataHelper.swift */; };
		EA29146927B4E19800324476 /* UIImage+Ext.swift in Sources */ = {isa = PBXBuildFile; fileRef = EA29146827B4E19800324476 /* UIImage+Ext.swift */; };
		EA29146C27B5157A00324476 /* MoreViewController.swift in Sources */ = {isa = PBXBuildFile; fileRef = EA29146B27B5157A00324476 /* MoreViewController.swift */; };
		EA29146E27B51A9A00324476 /* UIViewController+Ext.swift in Sources */ = {isa = PBXBuildFile; fileRef = EA29146D27B51A9A00324476 /* UIViewController+Ext.swift */; };
		EA3F3752278BCCDE007957EB /* SigninViewController.swift in Sources */ = {isa = PBXBuildFile; fileRef = EA3F3751278BCCDE007957EB /* SigninViewController.swift */; };
		EA3F3755278BD00D007957EB /* RxCocoa in Frameworks */ = {isa = PBXBuildFile; productRef = EA3F3754278BD00D007957EB /* RxCocoa */; };
		EA3F3757278BD00D007957EB /* RxRelay in Frameworks */ = {isa = PBXBuildFile; productRef = EA3F3756278BD00D007957EB /* RxRelay */; };
		EA3F3759278BD00D007957EB /* RxSwift in Frameworks */ = {isa = PBXBuildFile; productRef = EA3F3758278BD00D007957EB /* RxSwift */; };
		EA3F375E278BF472007957EB /* CheckBoxCell.swift in Sources */ = {isa = PBXBuildFile; fileRef = EA3F375D278BF472007957EB /* CheckBoxCell.swift */; };
		EA3F3760278BFCCD007957EB /* TermViewController.swift in Sources */ = {isa = PBXBuildFile; fileRef = EA3F375F278BFCCD007957EB /* TermViewController.swift */; };
		EA3F3767278C4145007957EB /* RxGesture in Frameworks */ = {isa = PBXBuildFile; productRef = EA3F3766278C4145007957EB /* RxGesture */; };
		EA3F3769278C5224007957EB /* TermViewModel.swift in Sources */ = {isa = PBXBuildFile; fileRef = EA3F3768278C5224007957EB /* TermViewModel.swift */; };
		EA3F376B278C5FAB007957EB /* PhoneNumberViewController.swift in Sources */ = {isa = PBXBuildFile; fileRef = EA3F376A278C5FAB007957EB /* PhoneNumberViewController.swift */; };
		EA3F376F278C61E9007957EB /* PasswordViewController.swift in Sources */ = {isa = PBXBuildFile; fileRef = EA3F376E278C61E9007957EB /* PasswordViewController.swift */; };
		EA3F3772278C623F007957EB /* NewProfileViewController.swift in Sources */ = {isa = PBXBuildFile; fileRef = EA3F3771278C623F007957EB /* NewProfileViewController.swift */; };
		EA3F3775278C6270007957EB /* EmailRegisterViewController.swift in Sources */ = {isa = PBXBuildFile; fileRef = EA3F3774278C6270007957EB /* EmailRegisterViewController.swift */; };
		EAA6A3CB2786CEFE001A7E46 /* SnapKit in Frameworks */ = {isa = PBXBuildFile; productRef = EAA6A3CA2786CEFE001A7E46 /* SnapKit */; };
		EAA6A3CE2786CF2B001A7E46 /* Then in Frameworks */ = {isa = PBXBuildFile; productRef = EAA6A3CD2786CF2B001A7E46 /* Then */; };
		EAC6159027B62E7C00B213BC /* ModelFriend.swift in Sources */ = {isa = PBXBuildFile; fileRef = EAC6158F27B62E7C00B213BC /* ModelFriend.swift */; };
		EAC6159627B6926000B213BC /* ProfileModalViewModel.swift in Sources */ = {isa = PBXBuildFile; fileRef = EAC6159427B6926000B213BC /* ProfileModalViewModel.swift */; };
		EAC6159727B6926000B213BC /* ProfileModalViewController.swift in Sources */ = {isa = PBXBuildFile; fileRef = EAC6159527B6926000B213BC /* ProfileModalViewController.swift */; };
		EAC6159927B692F100B213BC /* GNBDelegate.swift in Sources */ = {isa = PBXBuildFile; fileRef = EAC6159827B692F100B213BC /* GNBDelegate.swift */; };
		EAC6159E27B6B64900B213BC /* SelectProfileViewController.swift in Sources */ = {isa = PBXBuildFile; fileRef = EAC6159D27B6B64900B213BC /* SelectProfileViewController.swift */; };
		EAC615A127B6B65F00B213BC /* AddFriendViewController.swift in Sources */ = {isa = PBXBuildFile; fileRef = EAC615A027B6B65F00B213BC /* AddFriendViewController.swift */; };
		EAC615A327B6B67900B213BC /* AddFriendViewModel.swift in Sources */ = {isa = PBXBuildFile; fileRef = EAC615A227B6B67900B213BC /* AddFriendViewModel.swift */; };
		EAC615A527B6C0C500B213BC /* AddFriendDelegate.swift in Sources */ = {isa = PBXBuildFile; fileRef = EAC615A427B6C0C500B213BC /* AddFriendDelegate.swift */; };
		EAC615A727B6D43600B213BC /* ModelAddFriendRequest.swift in Sources */ = {isa = PBXBuildFile; fileRef = EAC615A627B6D43600B213BC /* ModelAddFriendRequest.swift */; };
		EAC615A927B6D45900B213BC /* ModelAddFriendResponse.swift in Sources */ = {isa = PBXBuildFile; fileRef = EAC615A827B6D45900B213BC /* ModelAddFriendResponse.swift */; };
		EAE555A5279A701B00777EBF /* MessageCollectionViewCell.swift in Sources */ = {isa = PBXBuildFile; fileRef = EAE555A4279A701B00777EBF /* MessageCollectionViewCell.swift */; };
		EAE555A8279A981A00777EBF /* MessageEnum.swift in Sources */ = {isa = PBXBuildFile; fileRef = EAE555A7279A981A00777EBF /* MessageEnum.swift */; };
		EAE555AA279A986C00777EBF /* ModelMessage.swift in Sources */ = {isa = PBXBuildFile; fileRef = EAE555A9279A986C00777EBF /* ModelMessage.swift */; };
		EAE555FA279E10DF00777EBF /* ChatRoomTextFieldView.swift in Sources */ = {isa = PBXBuildFile; fileRef = EAE555F9279E10DF00777EBF /* ChatRoomTextFieldView.swift */; };
		EAE555FD279E21E800777EBF /* PaddingLabel.swift in Sources */ = {isa = PBXBuildFile; fileRef = EAE555FC279E21E800777EBF /* PaddingLabel.swift */; };
		EAE55602279FDE2300777EBF /* UICollectionView+Ext.swift in Sources */ = {isa = PBXBuildFile; fileRef = EAE55601279FDE2300777EBF /* UICollectionView+Ext.swift */; };
		EAE5560A27A154CD00777EBF /* MessageCollectionViewLayout.swift in Sources */ = {isa = PBXBuildFile; fileRef = EAE5560927A154CD00777EBF /* MessageCollectionViewLayout.swift */; };
		EAE5560C27A1554300777EBF /* MessageCollectionViewLayoutDelegate.swift in Sources */ = {isa = PBXBuildFile; fileRef = EAE5560B27A1554300777EBF /* MessageCollectionViewLayoutDelegate.swift */; };
		EAE7F3C1278D258E002EB808 /* SmsAuthViewController.swift in Sources */ = {isa = PBXBuildFile; fileRef = EAE7F3C0278D258E002EB808 /* SmsAuthViewController.swift */; };
		EAFFC86E278E7820003EE1E4 /* UIButton+Ext.swift in Sources */ = {isa = PBXBuildFile; fileRef = EAFFC86D278E7820003EE1E4 /* UIButton+Ext.swift */; };
/* End PBXBuildFile section */

/* Begin PBXFileReference section */
		EA14D4EC2786B16C00EDC892 /* CocoTalk.app */ = {isa = PBXFileReference; explicitFileType = wrapper.application; includeInIndex = 0; path = CocoTalk.app; sourceTree = BUILT_PRODUCTS_DIR; };
		EA14D4EF2786B16C00EDC892 /* AppDelegate.swift */ = {isa = PBXFileReference; lastKnownFileType = sourcecode.swift; path = AppDelegate.swift; sourceTree = "<group>"; };
		EA14D4F12786B16C00EDC892 /* SceneDelegate.swift */ = {isa = PBXFileReference; lastKnownFileType = sourcecode.swift; path = SceneDelegate.swift; sourceTree = "<group>"; };
		EA14D4F32786B16C00EDC892 /* SplashViewController.swift */ = {isa = PBXFileReference; lastKnownFileType = sourcecode.swift; path = SplashViewController.swift; sourceTree = "<group>"; };
		EA14D4F92786B16C00EDC892 /* CocoTalk.xcdatamodel */ = {isa = PBXFileReference; lastKnownFileType = wrapper.xcdatamodel; path = CocoTalk.xcdatamodel; sourceTree = "<group>"; };
		EA14D4FB2786B16E00EDC892 /* Assets.xcassets */ = {isa = PBXFileReference; lastKnownFileType = folder.assetcatalog; path = Assets.xcassets; sourceTree = "<group>"; };
		EA14D4FE2786B16E00EDC892 /* Base */ = {isa = PBXFileReference; lastKnownFileType = file.storyboard; name = Base; path = Base.lproj/LaunchScreen.storyboard; sourceTree = "<group>"; };
		EA14D5002786B16E00EDC892 /* Info.plist */ = {isa = PBXFileReference; lastKnownFileType = text.plist.xml; name = Info.plist; path = CocoTalk/Resources/Info.plist; sourceTree = SOURCE_ROOT; };
		EA22D5302793D9CC00E1F39A /* EmailAuthNumberViewController.swift */ = {isa = PBXFileReference; lastKnownFileType = sourcecode.swift; path = EmailAuthNumberViewController.swift; sourceTree = "<group>"; };
		EA22D5352794E4FD00E1F39A /* ProfileTableViewCell.swift */ = {isa = PBXFileReference; lastKnownFileType = sourcecode.swift; path = ProfileTableViewCell.swift; sourceTree = "<group>"; };
		EA22D5372794E76E00E1F39A /* ProfileImageView.swift */ = {isa = PBXFileReference; lastKnownFileType = sourcecode.swift; path = ProfileImageView.swift; sourceTree = "<group>"; };
		EA22D53A2794F7CF00E1F39A /* FriendListViewController.swift */ = {isa = PBXFileReference; lastKnownFileType = sourcecode.swift; path = FriendListViewController.swift; sourceTree = "<group>"; };
		EA22D53D2794F7E100E1F39A /* RootTabBarController.swift */ = {isa = PBXFileReference; lastKnownFileType = sourcecode.swift; path = RootTabBarController.swift; sourceTree = "<group>"; };
		EA22D53F279544A100E1F39A /* FirendListViewModel.swift */ = {isa = PBXFileReference; lastKnownFileType = sourcecode.swift; path = FirendListViewModel.swift; sourceTree = "<group>"; };
		EA22D541279544E100E1F39A /* ModelProfile.swift */ = {isa = PBXFileReference; lastKnownFileType = sourcecode.swift; path = ModelProfile.swift; sourceTree = "<group>"; };
		EA22D5432795511800E1F39A /* MyProfileCell.swift */ = {isa = PBXFileReference; lastKnownFileType = sourcecode.swift; path = MyProfileCell.swift; sourceTree = "<group>"; };
		EA22D54E27967C1500E1F39A /* ChatRoomListViewController.swift */ = {isa = PBXFileReference; lastKnownFileType = sourcecode.swift; path = ChatRoomListViewController.swift; sourceTree = "<group>"; };
		EA22D55027967C2F00E1F39A /* ChatRoomListViewModel.swift */ = {isa = PBXFileReference; lastKnownFileType = sourcecode.swift; path = ChatRoomListViewModel.swift; sourceTree = "<group>"; };
		EA22D55327967CED00E1F39A /* ChatRoomCell.swift */ = {isa = PBXFileReference; lastKnownFileType = sourcecode.swift; path = ChatRoomCell.swift; sourceTree = "<group>"; };
		EA22D558279797D000E1F39A /* ChatRoomViewController.swift */ = {isa = PBXFileReference; lastKnownFileType = sourcecode.swift; path = ChatRoomViewController.swift; sourceTree = "<group>"; };
		EA22D55A279797DB00E1F39A /* ChatRoomViewModel.swift */ = {isa = PBXFileReference; lastKnownFileType = sourcecode.swift; path = ChatRoomViewModel.swift; sourceTree = "<group>"; };
		EA22D55C2797EA8000E1F39A /* ProfileCellDelegate.swift */ = {isa = PBXFileReference; lastKnownFileType = sourcecode.swift; path = ProfileCellDelegate.swift; sourceTree = "<group>"; };
		EA22D55E2797FB6900E1F39A /* UILabel+Ext.swift */ = {isa = PBXFileReference; lastKnownFileType = sourcecode.swift; path = "UILabel+Ext.swift"; sourceTree = "<group>"; };
		EA22D5602797FC2800E1F39A /* UIImageView+Ext.swift */ = {isa = PBXFileReference; lastKnownFileType = sourcecode.swift; path = "UIImageView+Ext.swift"; sourceTree = "<group>"; };
		EA2913DC27AA349D00324476 /* BaseRepository.swift */ = {isa = PBXFileReference; lastKnownFileType = sourcecode.swift; path = BaseRepository.swift; sourceTree = "<group>"; };
		EA2913DE27AA43D800324476 /* APIError.swift */ = {isa = PBXFileReference; lastKnownFileType = sourcecode.swift; path = APIError.swift; sourceTree = "<group>"; };
		EA2913E227AA6B2700324476 /* ChatRoomRepository.swift */ = {isa = PBXFileReference; lastKnownFileType = sourcecode.swift; path = ChatRoomRepository.swift; sourceTree = "<group>"; };
		EA2913E427AA6B3200324476 /* MessageRepository.swift */ = {isa = PBXFileReference; lastKnownFileType = sourcecode.swift; path = MessageRepository.swift; sourceTree = "<group>"; };
		EA2913E627AB6CE300324476 /* UserRepository.swift */ = {isa = PBXFileReference; lastKnownFileType = sourcecode.swift; path = UserRepository.swift; sourceTree = "<group>"; };
		EA2913F327AC0B1E00324476 /* SmsAuthViewModel.swift */ = {isa = PBXFileReference; lastKnownFileType = sourcecode.swift; path = SmsAuthViewModel.swift; sourceTree = "<group>"; };
		EA2913F527AC0F5900324476 /* String+Ext.swift */ = {isa = PBXFileReference; lastKnownFileType = sourcecode.swift; path = "String+Ext.swift"; sourceTree = "<group>"; };
		EA2913F927AC4D6F00324476 /* ModelSignupData.swift */ = {isa = PBXFileReference; lastKnownFileType = sourcecode.swift; path = ModelSignupData.swift; sourceTree = "<group>"; };
		EA2913FB27AF5F4500324476 /* UserDefaultsKeyEnum.swift */ = {isa = PBXFileReference; lastKnownFileType = sourcecode.swift; path = UserDefaultsKeyEnum.swift; sourceTree = "<group>"; };
		EA2913FD27AF6A4E00324476 /* UserDefaults+Ext.swift */ = {isa = PBXFileReference; lastKnownFileType = sourcecode.swift; path = "UserDefaults+Ext.swift"; sourceTree = "<group>"; };
		EA2913FF27AF9C0000324476 /* PasswordViewModel.swift */ = {isa = PBXFileReference; lastKnownFileType = sourcecode.swift; path = PasswordViewModel.swift; sourceTree = "<group>"; };
		EA29140127B0A65300324476 /* EmailAuthViewModel.swift */ = {isa = PBXFileReference; lastKnownFileType = sourcecode.swift; path = EmailAuthViewModel.swift; sourceTree = "<group>"; };
		EA29140327B0AB0C00324476 /* AuthRepository.swift */ = {isa = PBXFileReference; lastKnownFileType = sourcecode.swift; path = AuthRepository.swift; sourceTree = "<group>"; };
		EA29140527B0B04F00324476 /* AuthAPI.swift */ = {isa = PBXFileReference; lastKnownFileType = sourcecode.swift; path = AuthAPI.swift; sourceTree = "<group>"; };
		EA29140827B0B13E00324476 /* ModelSignupResponse.swift */ = {isa = PBXFileReference; lastKnownFileType = sourcecode.swift; path = ModelSignupResponse.swift; sourceTree = "<group>"; };
		EA29140A27B0B14E00324476 /* ModelEmailVerifyResponse.swift */ = {isa = PBXFileReference; lastKnownFileType = sourcecode.swift; path = ModelEmailVerifyResponse.swift; sourceTree = "<group>"; };
		EA29140C27B0B16F00324476 /* URL+Ext.swift */ = {isa = PBXFileReference; lastKnownFileType = sourcecode.swift; path = "URL+Ext.swift"; sourceTree = "<group>"; };
		EA29140E27B0B36400324476 /* ModelEmailVerifyRequest.swift */ = {isa = PBXFileReference; lastKnownFileType = sourcecode.swift; path = ModelEmailVerifyRequest.swift; sourceTree = "<group>"; };
		EA29141227B0B40800324476 /* APIResult_0.swift */ = {isa = PBXFileReference; lastKnownFileType = sourcecode.swift; path = APIResult_0.swift; sourceTree = "<group>"; };
		EA29141627B0F35900324476 /* APIResult_1.swift */ = {isa = PBXFileReference; lastKnownFileType = sourcecode.swift; path = APIResult_1.swift; sourceTree = "<group>"; };
		EA29141827B1096C00324476 /* EmailRegisterViewModel.swift */ = {isa = PBXFileReference; lastKnownFileType = sourcecode.swift; path = EmailRegisterViewModel.swift; sourceTree = "<group>"; };
		EA29141A27B10C0100324476 /* ModelIssueEmailCodeRequest.swift */ = {isa = PBXFileReference; lastKnownFileType = sourcecode.swift; path = ModelIssueEmailCodeRequest.swift; sourceTree = "<group>"; };
		EA29141C27B10C2E00324476 /* ModelIssueEmailCodeResponse.swift */ = {isa = PBXFileReference; lastKnownFileType = sourcecode.swift; path = ModelIssueEmailCodeResponse.swift; sourceTree = "<group>"; };
		EA29141E27B1375300324476 /* ModelSignupRequest.swift */ = {isa = PBXFileReference; lastKnownFileType = sourcecode.swift; path = ModelSignupRequest.swift; sourceTree = "<group>"; };
		EA29142027B1514200324476 /* ModelSigninRequest.swift */ = {isa = PBXFileReference; lastKnownFileType = sourcecode.swift; path = ModelSigninRequest.swift; sourceTree = "<group>"; };
		EA29142227B1518200324476 /* ModelSigninResponse.swift */ = {isa = PBXFileReference; lastKnownFileType = sourcecode.swift; path = ModelSigninResponse.swift; sourceTree = "<group>"; };
		EA29142727B1612700324476 /* KeyChainWrapper+Ext.swift */ = {isa = PBXFileReference; lastKnownFileType = sourcecode.swift; path = "KeyChainWrapper+Ext.swift"; sourceTree = "<group>"; };
		EA29142927B2076300324476 /* CocoTalk.entitlements */ = {isa = PBXFileReference; lastKnownFileType = text.plist.entitlements; path = CocoTalk.entitlements; sourceTree = "<group>"; };
		EA29143127B20B6900324476 /* GoogleService-Info.plist */ = {isa = PBXFileReference; fileEncoding = 4; lastKnownFileType = text.plist.xml; path = "GoogleService-Info.plist"; sourceTree = "<group>"; };
		EA29143627B2290C00324476 /* APIResult_Device.swift */ = {isa = PBXFileReference; lastKnownFileType = sourcecode.swift; path = APIResult_Device.swift; sourceTree = "<group>"; };
		EA29143827B2942800324476 /* SplashViewModel.swift */ = {isa = PBXFileReference; lastKnownFileType = sourcecode.swift; path = SplashViewModel.swift; sourceTree = "<group>"; };
		EA29143B27B339D700324476 /* SigninViewModel.swift */ = {isa = PBXFileReference; lastKnownFileType = sourcecode.swift; path = SigninViewModel.swift; sourceTree = "<group>"; };
		EA29143D27B37C4700324476 /* WebSocketHelper.swift */ = {isa = PBXFileReference; lastKnownFileType = sourcecode.swift; path = WebSocketHelper.swift; sourceTree = "<group>"; };
		EA29143F27B37C5A00324476 /* ContactHelper.swift */ = {isa = PBXFileReference; lastKnownFileType = sourcecode.swift; path = ContactHelper.swift; sourceTree = "<group>"; };
		EA29144827B3A6B600324476 /* UserAPI.swift */ = {isa = PBXFileReference; lastKnownFileType = sourcecode.swift; path = UserAPI.swift; sourceTree = "<group>"; };
		EA29144C27B3C23A00324476 /* Encodable+Ext.swift */ = {isa = PBXFileReference; lastKnownFileType = sourcecode.swift; path = "Encodable+Ext.swift"; sourceTree = "<group>"; };
		EA29145127B3D49800324476 /* ModelRoom.swift */ = {isa = PBXFileReference; lastKnownFileType = sourcecode.swift; path = ModelRoom.swift; sourceTree = "<group>"; };
		EA29145327B3D4A000324476 /* ModelRoomList.swift */ = {isa = PBXFileReference; lastKnownFileType = sourcecode.swift; path = ModelRoomList.swift; sourceTree = "<group>"; };
		EA29145527B3D75400324476 /* RoomAPI.swift */ = {isa = PBXFileReference; lastKnownFileType = sourcecode.swift; path = RoomAPI.swift; sourceTree = "<group>"; };
		EA29145727B3DE1500324476 /* ModelChatMessage.swift */ = {isa = PBXFileReference; lastKnownFileType = sourcecode.swift; path = ModelChatMessage.swift; sourceTree = "<group>"; };
		EA29145A27B3E22A00324476 /* GNBView.swift */ = {isa = PBXFileReference; lastKnownFileType = sourcecode.swift; path = GNBView.swift; sourceTree = "<group>"; };
		EA29145C27B3F77D00324476 /* CoreDataHelper.swift */ = {isa = PBXFileReference; lastKnownFileType = sourcecode.swift; path = CoreDataHelper.swift; sourceTree = "<group>"; };
		EA29146827B4E19800324476 /* UIImage+Ext.swift */ = {isa = PBXFileReference; lastKnownFileType = sourcecode.swift; path = "UIImage+Ext.swift"; sourceTree = "<group>"; };
		EA29146B27B5157A00324476 /* MoreViewController.swift */ = {isa = PBXFileReference; lastKnownFileType = sourcecode.swift; path = MoreViewController.swift; sourceTree = "<group>"; };
		EA29146D27B51A9A00324476 /* UIViewController+Ext.swift */ = {isa = PBXFileReference; lastKnownFileType = sourcecode.swift; path = "UIViewController+Ext.swift"; sourceTree = "<group>"; };
		EA3F3751278BCCDE007957EB /* SigninViewController.swift */ = {isa = PBXFileReference; lastKnownFileType = sourcecode.swift; path = SigninViewController.swift; sourceTree = "<group>"; };
		EA3F375D278BF472007957EB /* CheckBoxCell.swift */ = {isa = PBXFileReference; lastKnownFileType = sourcecode.swift; path = CheckBoxCell.swift; sourceTree = "<group>"; };
		EA3F375F278BFCCD007957EB /* TermViewController.swift */ = {isa = PBXFileReference; lastKnownFileType = sourcecode.swift; path = TermViewController.swift; sourceTree = "<group>"; };
		EA3F3768278C5224007957EB /* TermViewModel.swift */ = {isa = PBXFileReference; lastKnownFileType = sourcecode.swift; path = TermViewModel.swift; sourceTree = "<group>"; };
		EA3F376A278C5FAB007957EB /* PhoneNumberViewController.swift */ = {isa = PBXFileReference; lastKnownFileType = sourcecode.swift; path = PhoneNumberViewController.swift; sourceTree = "<group>"; };
		EA3F376E278C61E9007957EB /* PasswordViewController.swift */ = {isa = PBXFileReference; lastKnownFileType = sourcecode.swift; path = PasswordViewController.swift; sourceTree = "<group>"; };
		EA3F3771278C623F007957EB /* NewProfileViewController.swift */ = {isa = PBXFileReference; lastKnownFileType = sourcecode.swift; path = NewProfileViewController.swift; sourceTree = "<group>"; };
		EA3F3774278C6270007957EB /* EmailRegisterViewController.swift */ = {isa = PBXFileReference; lastKnownFileType = sourcecode.swift; path = EmailRegisterViewController.swift; sourceTree = "<group>"; };
		EAC6158F27B62E7C00B213BC /* ModelFriend.swift */ = {isa = PBXFileReference; lastKnownFileType = sourcecode.swift; path = ModelFriend.swift; sourceTree = "<group>"; };
		EAC6159427B6926000B213BC /* ProfileModalViewModel.swift */ = {isa = PBXFileReference; fileEncoding = 4; lastKnownFileType = sourcecode.swift; path = ProfileModalViewModel.swift; sourceTree = "<group>"; };
		EAC6159527B6926000B213BC /* ProfileModalViewController.swift */ = {isa = PBXFileReference; fileEncoding = 4; lastKnownFileType = sourcecode.swift; path = ProfileModalViewController.swift; sourceTree = "<group>"; };
		EAC6159827B692F100B213BC /* GNBDelegate.swift */ = {isa = PBXFileReference; lastKnownFileType = sourcecode.swift; path = GNBDelegate.swift; sourceTree = "<group>"; };
		EAC6159D27B6B64900B213BC /* SelectProfileViewController.swift */ = {isa = PBXFileReference; lastKnownFileType = sourcecode.swift; path = SelectProfileViewController.swift; sourceTree = "<group>"; };
		EAC615A027B6B65F00B213BC /* AddFriendViewController.swift */ = {isa = PBXFileReference; lastKnownFileType = sourcecode.swift; path = AddFriendViewController.swift; sourceTree = "<group>"; };
		EAC615A227B6B67900B213BC /* AddFriendViewModel.swift */ = {isa = PBXFileReference; lastKnownFileType = sourcecode.swift; path = AddFriendViewModel.swift; sourceTree = "<group>"; };
		EAC615A427B6C0C500B213BC /* AddFriendDelegate.swift */ = {isa = PBXFileReference; lastKnownFileType = sourcecode.swift; path = AddFriendDelegate.swift; sourceTree = "<group>"; };
		EAC615A627B6D43600B213BC /* ModelAddFriendRequest.swift */ = {isa = PBXFileReference; lastKnownFileType = sourcecode.swift; path = ModelAddFriendRequest.swift; sourceTree = "<group>"; };
		EAC615A827B6D45900B213BC /* ModelAddFriendResponse.swift */ = {isa = PBXFileReference; lastKnownFileType = sourcecode.swift; path = ModelAddFriendResponse.swift; sourceTree = "<group>"; };
		EAE555A4279A701B00777EBF /* MessageCollectionViewCell.swift */ = {isa = PBXFileReference; lastKnownFileType = sourcecode.swift; path = MessageCollectionViewCell.swift; sourceTree = "<group>"; };
		EAE555A7279A981A00777EBF /* MessageEnum.swift */ = {isa = PBXFileReference; lastKnownFileType = sourcecode.swift; path = MessageEnum.swift; sourceTree = "<group>"; };
		EAE555A9279A986C00777EBF /* ModelMessage.swift */ = {isa = PBXFileReference; lastKnownFileType = sourcecode.swift; path = ModelMessage.swift; sourceTree = "<group>"; };
		EAE555F9279E10DF00777EBF /* ChatRoomTextFieldView.swift */ = {isa = PBXFileReference; lastKnownFileType = sourcecode.swift; path = ChatRoomTextFieldView.swift; sourceTree = "<group>"; };
		EAE555FC279E21E800777EBF /* PaddingLabel.swift */ = {isa = PBXFileReference; lastKnownFileType = sourcecode.swift; path = PaddingLabel.swift; sourceTree = "<group>"; };
		EAE55601279FDE2300777EBF /* UICollectionView+Ext.swift */ = {isa = PBXFileReference; lastKnownFileType = sourcecode.swift; path = "UICollectionView+Ext.swift"; sourceTree = "<group>"; };
		EAE5560927A154CD00777EBF /* MessageCollectionViewLayout.swift */ = {isa = PBXFileReference; lastKnownFileType = sourcecode.swift; path = MessageCollectionViewLayout.swift; sourceTree = "<group>"; };
		EAE5560B27A1554300777EBF /* MessageCollectionViewLayoutDelegate.swift */ = {isa = PBXFileReference; lastKnownFileType = sourcecode.swift; path = MessageCollectionViewLayoutDelegate.swift; sourceTree = "<group>"; };
		EAE7F3C0278D258E002EB808 /* SmsAuthViewController.swift */ = {isa = PBXFileReference; lastKnownFileType = sourcecode.swift; path = SmsAuthViewController.swift; sourceTree = "<group>"; };
		EAFFC86D278E7820003EE1E4 /* UIButton+Ext.swift */ = {isa = PBXFileReference; lastKnownFileType = sourcecode.swift; path = "UIButton+Ext.swift"; sourceTree = "<group>"; };
/* End PBXFileReference section */

/* Begin PBXFrameworksBuildPhase section */
		EA14D4E92786B16C00EDC892 /* Frameworks */ = {
			isa = PBXFrameworksBuildPhase;
			buildActionMask = 2147483647;
			files = (
				EA3F3759278BD00D007957EB /* RxSwift in Frameworks */,
				EA3F3757278BD00D007957EB /* RxRelay in Frameworks */,
				EA29142627B154EB00324476 /* SwiftKeychainWrapper in Frameworks */,
				EA2913D627AA2DAD00324476 /* Moya in Frameworks */,
				EA29142C27B20A1400324476 /* FirebaseAnalytics in Frameworks */,
				EA29142E27B20A1400324476 /* FirebaseAuth in Frameworks */,
				EA2913DA27AA2DAD00324476 /* RxMoya in Frameworks */,
				EA2913D827AA2DAD00324476 /* ReactiveMoya in Frameworks */,
				EA14D5172786CA8800EDC892 /* IQKeyboardManagerSwift in Frameworks */,
				EAA6A3CE2786CF2B001A7E46 /* Then in Frameworks */,
				EA22D5472795925700E1F39A /* Kingfisher in Frameworks */,
				EA3F3755278BD00D007957EB /* RxCocoa in Frameworks */,
				EA29143027B20A1400324476 /* FirebaseMessaging in Frameworks */,
				EAA6A3CB2786CEFE001A7E46 /* SnapKit in Frameworks */,
				EA3F3767278C4145007957EB /* RxGesture in Frameworks */,
			);
			runOnlyForDeploymentPostprocessing = 0;
		};
/* End PBXFrameworksBuildPhase section */

/* Begin PBXGroup section */
		EA14D4E32786B16C00EDC892 = {
			isa = PBXGroup;
			children = (
				EA14D4EE2786B16C00EDC892 /* CocoTalk */,
				EA14D4ED2786B16C00EDC892 /* Products */,
			);
			sourceTree = "<group>";
		};
		EA14D4ED2786B16C00EDC892 /* Products */ = {
			isa = PBXGroup;
			children = (
				EA14D4EC2786B16C00EDC892 /* CocoTalk.app */,
			);
			name = Products;
			sourceTree = "<group>";
		};
		EA14D4EE2786B16C00EDC892 /* CocoTalk */ = {
			isa = PBXGroup;
			children = (
				EA29143127B20B6900324476 /* GoogleService-Info.plist */,
				EA29142927B2076300324476 /* CocoTalk.entitlements */,
				EA14D5092786C29100EDC892 /* Application */,
				EA14D5072786BF0500EDC892 /* Resources */,
				EA14D5062786BEFB00EDC892 /* Scenes */,
				EA14D50E2786C70B00EDC892 /* Components */,
				EA14D5082786BF4D00EDC892 /* Core */,
			);
			path = CocoTalk;
			sourceTree = "<group>";
		};
		EA14D5062786BEFB00EDC892 /* Scenes */ = {
			isa = PBXGroup;
			children = (
				EAC6159F27B6B64E00B213BC /* AddFriend */,
				EAC6159C27B6B62800B213BC /* SelectProfile */,
				EAC6159B27B6B61F00B213BC /* Setting */,
				EAC6159A27B6B61800B213BC /* Search */,
				EA29146A27B5155B00324476 /* More */,
				EA22D53C2794F7D400E1F39A /* Root */,
				EA22D5392794F76D00E1F39A /* FriendList */,
				EA22D54D27967BF700E1F39A /* ChatRoomList */,
				EA22D557279797BE00E1F39A /* ChatRoom */,
				EA3F375A278BD068007957EB /* Splash */,
				EAE575C1278BB37D00D959A0 /* Auth */,
			);
			path = Scenes;
			sourceTree = "<group>";
		};
		EA14D5072786BF0500EDC892 /* Resources */ = {
			isa = PBXGroup;
			children = (
				EA14D4FB2786B16E00EDC892 /* Assets.xcassets */,
				EA14D4FD2786B16E00EDC892 /* LaunchScreen.storyboard */,
				EA14D5002786B16E00EDC892 /* Info.plist */,
			);
			path = Resources;
			sourceTree = "<group>";
		};
		EA14D5082786BF4D00EDC892 /* Core */ = {
			isa = PBXGroup;
			children = (
				EA29146727B3F8FC00324476 /* CoreData */,
				EAE555A6279A980C00777EBF /* Enum */,
				EAA6A3D02787E0D6001A7E46 /* Helpers */,
				EA2913DB27AA305200324476 /* Repository */,
				EA14D50A2786C44800EDC892 /* Networking */,
				EA14D50C2786C4AA00EDC892 /* Models */,
				EA14D50B2786C45000EDC892 /* Extension */,
			);
			path = Core;
			sourceTree = "<group>";
		};
		EA14D5092786C29100EDC892 /* Application */ = {
			isa = PBXGroup;
			children = (
				EA14D4EF2786B16C00EDC892 /* AppDelegate.swift */,
				EA14D4F12786B16C00EDC892 /* SceneDelegate.swift */,
			);
			path = Application;
			sourceTree = "<group>";
		};
		EA14D50A2786C44800EDC892 /* Networking */ = {
			isa = PBXGroup;
			children = (
				EA29143527B228F800324476 /* APIResult */,
				EA29143A27B2975C00324476 /* API */,
				EA2913DE27AA43D800324476 /* APIError.swift */,
			);
			path = Networking;
			sourceTree = "<group>";
		};
		EA14D50B2786C45000EDC892 /* Extension */ = {
			isa = PBXGroup;
			children = (
				EAFFC86D278E7820003EE1E4 /* UIButton+Ext.swift */,
				EA22D55E2797FB6900E1F39A /* UILabel+Ext.swift */,
				EA22D5602797FC2800E1F39A /* UIImageView+Ext.swift */,
				EAE55601279FDE2300777EBF /* UICollectionView+Ext.swift */,
				EA2913F527AC0F5900324476 /* String+Ext.swift */,
				EA2913FD27AF6A4E00324476 /* UserDefaults+Ext.swift */,
				EA29140C27B0B16F00324476 /* URL+Ext.swift */,
				EA29142727B1612700324476 /* KeyChainWrapper+Ext.swift */,
				EA29144C27B3C23A00324476 /* Encodable+Ext.swift */,
				EA29146827B4E19800324476 /* UIImage+Ext.swift */,
				EA29146D27B51A9A00324476 /* UIViewController+Ext.swift */,
			);
			path = Extension;
			sourceTree = "<group>";
		};
		EA14D50C2786C4AA00EDC892 /* Models */ = {
			isa = PBXGroup;
			children = (
				EA29145727B3DE1500324476 /* ModelChatMessage.swift */,
				EAE555A9279A986C00777EBF /* ModelMessage.swift */,
				EA29145027B3D25A00324476 /* ChatRoom */,
				EA29144127B37D8200324476 /* Friend */,
				EA29140727B0B12900324476 /* Auth */,
			);
			path = Models;
			sourceTree = "<group>";
		};
		EA14D50E2786C70B00EDC892 /* Components */ = {
			isa = PBXGroup;
			children = (
				EAC6159327B6925900B213BC /* ProfileModal */,
				EA29145927B3E21800324476 /* GNB */,
				EAE555FB279E21C800777EBF /* PaddingLabel */,
				EAE575C4278BB5B600D959A0 /* Cells */,
				EAE575C6278BB61F00D959A0 /* ChatRoomTextFieldView */,
				EAE575C5278BB5F600D959A0 /* ProfileImageView */,
			);
			path = Components;
			sourceTree = "<group>";
		};
		EA22D5322794E25500E1F39A /* ProfileCell */ = {
			isa = PBXGroup;
			children = (
				EA22D5432795511800E1F39A /* MyProfileCell.swift */,
				EA22D5352794E4FD00E1F39A /* ProfileTableViewCell.swift */,
				EA22D55C2797EA8000E1F39A /* ProfileCellDelegate.swift */,
			);
			path = ProfileCell;
			sourceTree = "<group>";
		};
		EA22D5392794F76D00E1F39A /* FriendList */ = {
			isa = PBXGroup;
			children = (
				EA22D53A2794F7CF00E1F39A /* FriendListViewController.swift */,
				EA22D53F279544A100E1F39A /* FirendListViewModel.swift */,
			);
			path = FriendList;
			sourceTree = "<group>";
		};
		EA22D53C2794F7D400E1F39A /* Root */ = {
			isa = PBXGroup;
			children = (
				EA22D53D2794F7E100E1F39A /* RootTabBarController.swift */,
			);
			path = Root;
			sourceTree = "<group>";
		};
		EA22D54D27967BF700E1F39A /* ChatRoomList */ = {
			isa = PBXGroup;
			children = (
				EA22D54E27967C1500E1F39A /* ChatRoomListViewController.swift */,
				EA22D55027967C2F00E1F39A /* ChatRoomListViewModel.swift */,
			);
			path = ChatRoomList;
			sourceTree = "<group>";
		};
		EA22D55227967CCB00E1F39A /* ChatRoomCell */ = {
			isa = PBXGroup;
			children = (
				EA22D55327967CED00E1F39A /* ChatRoomCell.swift */,
			);
			path = ChatRoomCell;
			sourceTree = "<group>";
		};
		EA22D557279797BE00E1F39A /* ChatRoom */ = {
			isa = PBXGroup;
			children = (
				EA22D558279797D000E1F39A /* ChatRoomViewController.swift */,
				EA22D55A279797DB00E1F39A /* ChatRoomViewModel.swift */,
				EAE5560927A154CD00777EBF /* MessageCollectionViewLayout.swift */,
				EAE5560B27A1554300777EBF /* MessageCollectionViewLayoutDelegate.swift */,
			);
			path = ChatRoom;
			sourceTree = "<group>";
		};
		EA2913DB27AA305200324476 /* Repository */ = {
			isa = PBXGroup;
			children = (
				EA2913DC27AA349D00324476 /* BaseRepository.swift */,
				EA2913E227AA6B2700324476 /* ChatRoomRepository.swift */,
				EA2913E427AA6B3200324476 /* MessageRepository.swift */,
				EA2913E627AB6CE300324476 /* UserRepository.swift */,
				EA29140327B0AB0C00324476 /* AuthRepository.swift */,
			);
			path = Repository;
			sourceTree = "<group>";
		};
		EA29140727B0B12900324476 /* Auth */ = {
			isa = PBXGroup;
			children = (
				EA29142027B1514200324476 /* ModelSigninRequest.swift */,
				EA29142227B1518200324476 /* ModelSigninResponse.swift */,
				EA2913F927AC4D6F00324476 /* ModelSignupData.swift */,
				EA29141E27B1375300324476 /* ModelSignupRequest.swift */,
				EA29140827B0B13E00324476 /* ModelSignupResponse.swift */,
				EA29140A27B0B14E00324476 /* ModelEmailVerifyResponse.swift */,
				EA29140E27B0B36400324476 /* ModelEmailVerifyRequest.swift */,
				EA29141A27B10C0100324476 /* ModelIssueEmailCodeRequest.swift */,
				EA29141C27B10C2E00324476 /* ModelIssueEmailCodeResponse.swift */,
			);
			path = Auth;
			sourceTree = "<group>";
		};
		EA29143527B228F800324476 /* APIResult */ = {
			isa = PBXGroup;
			children = (
				EA29141227B0B40800324476 /* APIResult_0.swift */,
				EA29141627B0F35900324476 /* APIResult_1.swift */,
				EA29143627B2290C00324476 /* APIResult_Device.swift */,
			);
			path = APIResult;
			sourceTree = "<group>";
		};
		EA29143A27B2975C00324476 /* API */ = {
			isa = PBXGroup;
			children = (
				EA29140527B0B04F00324476 /* AuthAPI.swift */,
				EA29144827B3A6B600324476 /* UserAPI.swift */,
				EA29145527B3D75400324476 /* RoomAPI.swift */,
			);
			path = API;
			sourceTree = "<group>";
		};
		EA29144127B37D8200324476 /* Friend */ = {
			isa = PBXGroup;
			children = (
				EA22D541279544E100E1F39A /* ModelProfile.swift */,
				EAC6158F27B62E7C00B213BC /* ModelFriend.swift */,
				EAC615A627B6D43600B213BC /* ModelAddFriendRequest.swift */,
				EAC615A827B6D45900B213BC /* ModelAddFriendResponse.swift */,
			);
			path = Friend;
			sourceTree = "<group>";
		};
		EA29145027B3D25A00324476 /* ChatRoom */ = {
			isa = PBXGroup;
			children = (
				EA29145127B3D49800324476 /* ModelRoom.swift */,
				EA29145327B3D4A000324476 /* ModelRoomList.swift */,
			);
			path = ChatRoom;
			sourceTree = "<group>";
		};
		EA29145927B3E21800324476 /* GNB */ = {
			isa = PBXGroup;
			children = (
				EA29145A27B3E22A00324476 /* GNBView.swift */,
				EAC6159827B692F100B213BC /* GNBDelegate.swift */,
			);
			path = GNB;
			sourceTree = "<group>";
		};
		EA29146727B3F8FC00324476 /* CoreData */ = {
			isa = PBXGroup;
			children = (
				EA14D4F82786B16C00EDC892 /* CocoTalk.xcdatamodeld */,
			);
			path = CoreData;
			sourceTree = "<group>";
		};
		EA29146A27B5155B00324476 /* More */ = {
			isa = PBXGroup;
			children = (
				EA29146B27B5157A00324476 /* MoreViewController.swift */,
			);
			path = More;
			sourceTree = "<group>";
		};
		EA3F375A278BD068007957EB /* Splash */ = {
			isa = PBXGroup;
			children = (
				EA14D4F32786B16C00EDC892 /* SplashViewController.swift */,
				EA29143827B2942800324476 /* SplashViewModel.swift */,
			);
			path = Splash;
			sourceTree = "<group>";
		};
		EA3F3770278C622D007957EB /* NewProfile */ = {
			isa = PBXGroup;
			children = (
				EA3F3771278C623F007957EB /* NewProfileViewController.swift */,
			);
			path = NewProfile;
			sourceTree = "<group>";
		};
		EA3F3773278C625F007957EB /* EmailAuth */ = {
			isa = PBXGroup;
			children = (
				EA3F3774278C6270007957EB /* EmailRegisterViewController.swift */,
				EA29141827B1096C00324476 /* EmailRegisterViewModel.swift */,
				EA22D5302793D9CC00E1F39A /* EmailAuthNumberViewController.swift */,
				EA29140127B0A65300324476 /* EmailAuthViewModel.swift */,
			);
			path = EmailAuth;
			sourceTree = "<group>";
		};
		EAA6A3D02787E0D6001A7E46 /* Helpers */ = {
			isa = PBXGroup;
			children = (
				EA29143D27B37C4700324476 /* WebSocketHelper.swift */,
				EA29143F27B37C5A00324476 /* ContactHelper.swift */,
				EA29145C27B3F77D00324476 /* CoreDataHelper.swift */,
			);
			path = Helpers;
			sourceTree = "<group>";
		};
		EAC6159327B6925900B213BC /* ProfileModal */ = {
			isa = PBXGroup;
			children = (
				EAC6159527B6926000B213BC /* ProfileModalViewController.swift */,
				EAC6159427B6926000B213BC /* ProfileModalViewModel.swift */,
			);
			path = ProfileModal;
			sourceTree = "<group>";
		};
		EAC6159A27B6B61800B213BC /* Search */ = {
			isa = PBXGroup;
			children = (
			);
			path = Search;
			sourceTree = "<group>";
		};
		EAC6159B27B6B61F00B213BC /* Setting */ = {
			isa = PBXGroup;
			children = (
			);
			path = Setting;
			sourceTree = "<group>";
		};
		EAC6159C27B6B62800B213BC /* SelectProfile */ = {
			isa = PBXGroup;
			children = (
				EAC6159D27B6B64900B213BC /* SelectProfileViewController.swift */,
			);
			path = SelectProfile;
			sourceTree = "<group>";
		};
		EAC6159F27B6B64E00B213BC /* AddFriend */ = {
			isa = PBXGroup;
			children = (
				EAC615A027B6B65F00B213BC /* AddFriendViewController.swift */,
				EAC615A227B6B67900B213BC /* AddFriendViewModel.swift */,
				EAC615A427B6C0C500B213BC /* AddFriendDelegate.swift */,
			);
			path = AddFriend;
			sourceTree = "<group>";
		};
		EAE555A3279A700400777EBF /* MessageCell */ = {
			isa = PBXGroup;
			children = (
				EAE555A4279A701B00777EBF /* MessageCollectionViewCell.swift */,
			);
			path = MessageCell;
			sourceTree = "<group>";
		};
		EAE555A6279A980C00777EBF /* Enum */ = {
			isa = PBXGroup;
			children = (
				EAE555A7279A981A00777EBF /* MessageEnum.swift */,
				EA2913FB27AF5F4500324476 /* UserDefaultsKeyEnum.swift */,
			);
			path = Enum;
			sourceTree = "<group>";
		};
		EAE555FB279E21C800777EBF /* PaddingLabel */ = {
			isa = PBXGroup;
			children = (
				EAE555FC279E21E800777EBF /* PaddingLabel.swift */,
			);
			path = PaddingLabel;
			sourceTree = "<group>";
		};
		EAE575C1278BB37D00D959A0 /* Auth */ = {
			isa = PBXGroup;
			children = (
				EA3F3773278C625F007957EB /* EmailAuth */,
				EA3F3770278C622D007957EB /* NewProfile */,
				EAE575CB278BC6E600D959A0 /* Password */,
				EAE575CA278BC6D400D959A0 /* RegisterPhone */,
				EAE575C9278BC6CE00D959A0 /* Term */,
				EAE575C7278BB9E200D959A0 /* Signin */,
			);
			path = Auth;
			sourceTree = "<group>";
		};
		EAE575C3278BB49B00D959A0 /* CheckBoxCell */ = {
			isa = PBXGroup;
			children = (
				EA3F375D278BF472007957EB /* CheckBoxCell.swift */,
			);
			path = CheckBoxCell;
			sourceTree = "<group>";
		};
		EAE575C4278BB5B600D959A0 /* Cells */ = {
			isa = PBXGroup;
			children = (
				EAE555A3279A700400777EBF /* MessageCell */,
				EA22D55227967CCB00E1F39A /* ChatRoomCell */,
				EA22D5322794E25500E1F39A /* ProfileCell */,
				EAE575C3278BB49B00D959A0 /* CheckBoxCell */,
			);
			path = Cells;
			sourceTree = "<group>";
		};
		EAE575C5278BB5F600D959A0 /* ProfileImageView */ = {
			isa = PBXGroup;
			children = (
				EA22D5372794E76E00E1F39A /* ProfileImageView.swift */,
			);
			path = ProfileImageView;
			sourceTree = "<group>";
		};
		EAE575C6278BB61F00D959A0 /* ChatRoomTextFieldView */ = {
			isa = PBXGroup;
			children = (
				EAE555F9279E10DF00777EBF /* ChatRoomTextFieldView.swift */,
			);
			path = ChatRoomTextFieldView;
			sourceTree = "<group>";
		};
		EAE575C7278BB9E200D959A0 /* Signin */ = {
			isa = PBXGroup;
			children = (
				EA3F3751278BCCDE007957EB /* SigninViewController.swift */,
				EA29143B27B339D700324476 /* SigninViewModel.swift */,
			);
			path = Signin;
			sourceTree = "<group>";
		};
		EAE575C9278BC6CE00D959A0 /* Term */ = {
			isa = PBXGroup;
			children = (
				EA3F375F278BFCCD007957EB /* TermViewController.swift */,
				EA3F3768278C5224007957EB /* TermViewModel.swift */,
			);
			path = Term;
			sourceTree = "<group>";
		};
		EAE575CA278BC6D400D959A0 /* RegisterPhone */ = {
			isa = PBXGroup;
			children = (
				EAE7F3C0278D258E002EB808 /* SmsAuthViewController.swift */,
				EA2913F327AC0B1E00324476 /* SmsAuthViewModel.swift */,
				EA3F376A278C5FAB007957EB /* PhoneNumberViewController.swift */,
			);
			path = RegisterPhone;
			sourceTree = "<group>";
		};
		EAE575CB278BC6E600D959A0 /* Password */ = {
			isa = PBXGroup;
			children = (
				EA3F376E278C61E9007957EB /* PasswordViewController.swift */,
				EA2913FF27AF9C0000324476 /* PasswordViewModel.swift */,
			);
			path = Password;
			sourceTree = "<group>";
		};
/* End PBXGroup section */

/* Begin PBXNativeTarget section */
		EA14D4EB2786B16C00EDC892 /* CocoTalk */ = {
			isa = PBXNativeTarget;
			buildConfigurationList = EA14D5032786B16E00EDC892 /* Build configuration list for PBXNativeTarget "CocoTalk" */;
			buildPhases = (
				EA14D4E82786B16C00EDC892 /* Sources */,
				EA14D4E92786B16C00EDC892 /* Frameworks */,
				EA14D4EA2786B16C00EDC892 /* Resources */,
			);
			buildRules = (
			);
			dependencies = (
			);
			name = CocoTalk;
			packageProductDependencies = (
				EA14D5162786CA8800EDC892 /* IQKeyboardManagerSwift */,
				EAA6A3CA2786CEFE001A7E46 /* SnapKit */,
				EAA6A3CD2786CF2B001A7E46 /* Then */,
				EA3F3754278BD00D007957EB /* RxCocoa */,
				EA3F3756278BD00D007957EB /* RxRelay */,
				EA3F3758278BD00D007957EB /* RxSwift */,
				EA3F3766278C4145007957EB /* RxGesture */,
				EA22D5462795925700E1F39A /* Kingfisher */,
				EA2913D527AA2DAD00324476 /* Moya */,
				EA2913D727AA2DAD00324476 /* ReactiveMoya */,
				EA2913D927AA2DAD00324476 /* RxMoya */,
				EA29142527B154EB00324476 /* SwiftKeychainWrapper */,
				EA29142B27B20A1400324476 /* FirebaseAnalytics */,
				EA29142D27B20A1400324476 /* FirebaseAuth */,
				EA29142F27B20A1400324476 /* FirebaseMessaging */,
			);
			productName = CocoTalk;
			productReference = EA14D4EC2786B16C00EDC892 /* CocoTalk.app */;
			productType = "com.apple.product-type.application";
		};
/* End PBXNativeTarget section */

/* Begin PBXProject section */
		EA14D4E42786B16C00EDC892 /* Project object */ = {
			isa = PBXProject;
			attributes = {
				BuildIndependentTargetsInParallel = 1;
				LastSwiftUpdateCheck = 1320;
				LastUpgradeCheck = 1320;
				TargetAttributes = {
					EA14D4EB2786B16C00EDC892 = {
						CreatedOnToolsVersion = 13.2.1;
					};
				};
			};
			buildConfigurationList = EA14D4E72786B16C00EDC892 /* Build configuration list for PBXProject "CocoTalk" */;
			compatibilityVersion = "Xcode 13.0";
			developmentRegion = en;
			hasScannedForEncodings = 0;
			knownRegions = (
				en,
				Base,
			);
			mainGroup = EA14D4E32786B16C00EDC892;
			packageReferences = (
				EA14D5152786CA8800EDC892 /* XCRemoteSwiftPackageReference "IQKeyboardManager" */,
				EAA6A3C92786CEFE001A7E46 /* XCRemoteSwiftPackageReference "SnapKit" */,
				EAA6A3CC2786CF2B001A7E46 /* XCRemoteSwiftPackageReference "Then" */,
				EA3F3753278BD00D007957EB /* XCRemoteSwiftPackageReference "RxSwift" */,
				EA3F3765278C4144007957EB /* XCRemoteSwiftPackageReference "RxGesture" */,
				EA22D5452795925700E1F39A /* XCRemoteSwiftPackageReference "Kingfisher" */,
				EA2913D427AA2DAD00324476 /* XCRemoteSwiftPackageReference "Moya" */,
				EA29142427B154EA00324476 /* XCRemoteSwiftPackageReference "SwiftKeychainWrapper" */,
				EA29142A27B20A1400324476 /* XCRemoteSwiftPackageReference "firebase-ios-sdk" */,
			);
			productRefGroup = EA14D4ED2786B16C00EDC892 /* Products */;
			projectDirPath = "";
			projectRoot = "";
			targets = (
				EA14D4EB2786B16C00EDC892 /* CocoTalk */,
			);
		};
/* End PBXProject section */

/* Begin PBXResourcesBuildPhase section */
		EA14D4EA2786B16C00EDC892 /* Resources */ = {
			isa = PBXResourcesBuildPhase;
			buildActionMask = 2147483647;
			files = (
				EA14D4FF2786B16E00EDC892 /* LaunchScreen.storyboard in Resources */,
				EA14D4FC2786B16E00EDC892 /* Assets.xcassets in Resources */,
				EA29143227B20B6900324476 /* GoogleService-Info.plist in Resources */,
			);
			runOnlyForDeploymentPostprocessing = 0;
		};
/* End PBXResourcesBuildPhase section */

/* Begin PBXSourcesBuildPhase section */
		EA14D4E82786B16C00EDC892 /* Sources */ = {
			isa = PBXSourcesBuildPhase;
			buildActionMask = 2147483647;
			files = (
				EA29143927B2942900324476 /* SplashViewModel.swift in Sources */,
				EA22D53B2794F7CF00E1F39A /* FriendListViewController.swift in Sources */,
				EA29140227B0A65300324476 /* EmailAuthViewModel.swift in Sources */,
				EA3F375E278BF472007957EB /* CheckBoxCell.swift in Sources */,
				EA22D5312793D9CC00E1F39A /* EmailAuthNumberViewController.swift in Sources */,
				EA29142827B1612700324476 /* KeyChainWrapper+Ext.swift in Sources */,
				EA29144027B37C5A00324476 /* ContactHelper.swift in Sources */,
				EA14D4F42786B16C00EDC892 /* SplashViewController.swift in Sources */,
				EAC615A127B6B65F00B213BC /* AddFriendViewController.swift in Sources */,
				EAFFC86E278E7820003EE1E4 /* UIButton+Ext.swift in Sources */,
				EA2913F427AC0B1E00324476 /* SmsAuthViewModel.swift in Sources */,
				EAC6159E27B6B64900B213BC /* SelectProfileViewController.swift in Sources */,
				EA2913DD27AA349D00324476 /* BaseRepository.swift in Sources */,
				EA22D5612797FC2800E1F39A /* UIImageView+Ext.swift in Sources */,
				EA2913DF27AA43D800324476 /* APIError.swift in Sources */,
				EA29140627B0B04F00324476 /* AuthAPI.swift in Sources */,
				EAC615A527B6C0C500B213BC /* AddFriendDelegate.swift in Sources */,
				EA3F376B278C5FAB007957EB /* PhoneNumberViewController.swift in Sources */,
				EAC6159627B6926000B213BC /* ProfileModalViewModel.swift in Sources */,
				EA29141927B1096C00324476 /* EmailRegisterViewModel.swift in Sources */,
				EA2913FC27AF5F4500324476 /* UserDefaultsKeyEnum.swift in Sources */,
				EA14D4FA2786B16C00EDC892 /* CocoTalk.xcdatamodeld in Sources */,
				EA29145627B3D75400324476 /* RoomAPI.swift in Sources */,
				EA2913FE27AF6A4E00324476 /* UserDefaults+Ext.swift in Sources */,
				EA29146927B4E19800324476 /* UIImage+Ext.swift in Sources */,
				EA29143C27B339D700324476 /* SigninViewModel.swift in Sources */,
				EA2913F627AC0F5900324476 /* String+Ext.swift in Sources */,
				EA22D5362794E4FD00E1F39A /* ProfileTableViewCell.swift in Sources */,
				EAE55602279FDE2300777EBF /* UICollectionView+Ext.swift in Sources */,
				EA3F376F278C61E9007957EB /* PasswordViewController.swift in Sources */,
				EA3F3752278BCCDE007957EB /* SigninViewController.swift in Sources */,
				EA29140427B0AB0C00324476 /* AuthRepository.swift in Sources */,
				EA2913E327AA6B2700324476 /* ChatRoomRepository.swift in Sources */,
				EA29144927B3A6B600324476 /* UserAPI.swift in Sources */,
				EA22D5382794E76E00E1F39A /* ProfileImageView.swift in Sources */,
				EA22D54F27967C1500E1F39A /* ChatRoomListViewController.swift in Sources */,
				EA14D4F02786B16C00EDC892 /* AppDelegate.swift in Sources */,
				EAE7F3C1278D258E002EB808 /* SmsAuthViewController.swift in Sources */,
				EA3F3760278BFCCD007957EB /* TermViewController.swift in Sources */,
				EA29141727B0F35900324476 /* APIResult_1.swift in Sources */,
				EA2913E527AA6B3200324476 /* MessageRepository.swift in Sources */,
				EA29146C27B5157A00324476 /* MoreViewController.swift in Sources */,
				EA3F3772278C623F007957EB /* NewProfileViewController.swift in Sources */,
				EA29143727B2290C00324476 /* APIResult_Device.swift in Sources */,
				EA29145827B3DE1500324476 /* ModelChatMessage.swift in Sources */,
				EA29146E27B51A9A00324476 /* UIViewController+Ext.swift in Sources */,
				EA29140927B0B13E00324476 /* ModelSignupResponse.swift in Sources */,
				EA22D53E2794F7E100E1F39A /* RootTabBarController.swift in Sources */,
				EAC6159027B62E7C00B213BC /* ModelFriend.swift in Sources */,
				EA29141327B0B40800324476 /* APIResult_0.swift in Sources */,
				EAC6159727B6926000B213BC /* ProfileModalViewController.swift in Sources */,
				EAE555A5279A701B00777EBF /* MessageCollectionViewCell.swift in Sources */,
				EAE5560C27A1554300777EBF /* MessageCollectionViewLayoutDelegate.swift in Sources */,
				EA22D540279544A100E1F39A /* FirendListViewModel.swift in Sources */,
				EAC615A927B6D45900B213BC /* ModelAddFriendResponse.swift in Sources */,
				EA22D559279797D000E1F39A /* ChatRoomViewController.swift in Sources */,
				EA2913E727AB6CE300324476 /* UserRepository.swift in Sources */,
				EA3F3775278C6270007957EB /* EmailRegisterViewController.swift in Sources */,
				EAE555FA279E10DF00777EBF /* ChatRoomTextFieldView.swift in Sources */,
				EA22D55427967CED00E1F39A /* ChatRoomCell.swift in Sources */,
				EA2913FA27AC4D7000324476 /* ModelSignupData.swift in Sources */,
				EA29141D27B10C2E00324476 /* ModelIssueEmailCodeResponse.swift in Sources */,
				EAE5560A27A154CD00777EBF /* MessageCollectionViewLayout.swift in Sources */,
				EA29145427B3D4A000324476 /* ModelRoomList.swift in Sources */,
				EA29145227B3D49800324476 /* ModelRoom.swift in Sources */,
				EA29141F27B1375300324476 /* ModelSignupRequest.swift in Sources */,
				EA29145B27B3E22A00324476 /* GNBView.swift in Sources */,
				EA3F3769278C5224007957EB /* TermViewModel.swift in Sources */,
				EAE555A8279A981A00777EBF /* MessageEnum.swift in Sources */,
				EA22D5442795511800E1F39A /* MyProfileCell.swift in Sources */,
				EAC615A727B6D43600B213BC /* ModelAddFriendRequest.swift in Sources */,
				EA29145D27B3F77D00324476 /* CoreDataHelper.swift in Sources */,
				EA22D55B279797DB00E1F39A /* ChatRoomViewModel.swift in Sources */,
				EA29140B27B0B14E00324476 /* ModelEmailVerifyResponse.swift in Sources */,
				EA29143E27B37C4800324476 /* WebSocketHelper.swift in Sources */,
				EA29141B27B10C0100324476 /* ModelIssueEmailCodeRequest.swift in Sources */,
				EA29140D27B0B16F00324476 /* URL+Ext.swift in Sources */,
				EA29142127B1514200324476 /* ModelSigninRequest.swift in Sources */,
				EAE555AA279A986C00777EBF /* ModelMessage.swift in Sources */,
				EA14D4F22786B16C00EDC892 /* SceneDelegate.swift in Sources */,
				EA22D542279544E100E1F39A /* ModelProfile.swift in Sources */,
				EAC6159927B692F100B213BC /* GNBDelegate.swift in Sources */,
				EA22D55F2797FB6900E1F39A /* UILabel+Ext.swift in Sources */,
				EAC615A327B6B67900B213BC /* AddFriendViewModel.swift in Sources */,
				EAE555FD279E21E800777EBF /* PaddingLabel.swift in Sources */,
				EA22D55D2797EA8000E1F39A /* ProfileCellDelegate.swift in Sources */,
				EA29140F27B0B36400324476 /* ModelEmailVerifyRequest.swift in Sources */,
				EA29144D27B3C23A00324476 /* Encodable+Ext.swift in Sources */,
				EA22D55127967C2F00E1F39A /* ChatRoomListViewModel.swift in Sources */,
				EA29142327B1518200324476 /* ModelSigninResponse.swift in Sources */,
				EA29140027AF9C0000324476 /* PasswordViewModel.swift in Sources */,
			);
			runOnlyForDeploymentPostprocessing = 0;
		};
/* End PBXSourcesBuildPhase section */

/* Begin PBXVariantGroup section */
		EA14D4FD2786B16E00EDC892 /* LaunchScreen.storyboard */ = {
			isa = PBXVariantGroup;
			children = (
				EA14D4FE2786B16E00EDC892 /* Base */,
			);
			name = LaunchScreen.storyboard;
			sourceTree = "<group>";
		};
/* End PBXVariantGroup section */

/* Begin XCBuildConfiguration section */
		EA14D5012786B16E00EDC892 /* Debug */ = {
			isa = XCBuildConfiguration;
			buildSettings = {
				ALWAYS_SEARCH_USER_PATHS = NO;
				CLANG_ANALYZER_NONNULL = YES;
				CLANG_ANALYZER_NUMBER_OBJECT_CONVERSION = YES_AGGRESSIVE;
				CLANG_CXX_LANGUAGE_STANDARD = "gnu++17";
				CLANG_CXX_LIBRARY = "libc++";
				CLANG_ENABLE_MODULES = YES;
				CLANG_ENABLE_OBJC_ARC = YES;
				CLANG_ENABLE_OBJC_WEAK = YES;
				CLANG_WARN_BLOCK_CAPTURE_AUTORELEASING = YES;
				CLANG_WARN_BOOL_CONVERSION = YES;
				CLANG_WARN_COMMA = YES;
				CLANG_WARN_CONSTANT_CONVERSION = YES;
				CLANG_WARN_DEPRECATED_OBJC_IMPLEMENTATIONS = YES;
				CLANG_WARN_DIRECT_OBJC_ISA_USAGE = YES_ERROR;
				CLANG_WARN_DOCUMENTATION_COMMENTS = YES;
				CLANG_WARN_EMPTY_BODY = YES;
				CLANG_WARN_ENUM_CONVERSION = YES;
				CLANG_WARN_INFINITE_RECURSION = YES;
				CLANG_WARN_INT_CONVERSION = YES;
				CLANG_WARN_NON_LITERAL_NULL_CONVERSION = YES;
				CLANG_WARN_OBJC_IMPLICIT_RETAIN_SELF = YES;
				CLANG_WARN_OBJC_LITERAL_CONVERSION = YES;
				CLANG_WARN_OBJC_ROOT_CLASS = YES_ERROR;
				CLANG_WARN_QUOTED_INCLUDE_IN_FRAMEWORK_HEADER = YES;
				CLANG_WARN_RANGE_LOOP_ANALYSIS = YES;
				CLANG_WARN_STRICT_PROTOTYPES = YES;
				CLANG_WARN_SUSPICIOUS_MOVE = YES;
				CLANG_WARN_UNGUARDED_AVAILABILITY = YES_AGGRESSIVE;
				CLANG_WARN_UNREACHABLE_CODE = YES;
				CLANG_WARN__DUPLICATE_METHOD_MATCH = YES;
				COPY_PHASE_STRIP = NO;
				DEBUG_INFORMATION_FORMAT = dwarf;
				ENABLE_STRICT_OBJC_MSGSEND = YES;
				ENABLE_TESTABILITY = YES;
				GCC_C_LANGUAGE_STANDARD = gnu11;
				GCC_DYNAMIC_NO_PIC = NO;
				GCC_NO_COMMON_BLOCKS = YES;
				GCC_OPTIMIZATION_LEVEL = 0;
				GCC_PREPROCESSOR_DEFINITIONS = (
					"DEBUG=1",
					"$(inherited)",
				);
				GCC_WARN_64_TO_32_BIT_CONVERSION = YES;
				GCC_WARN_ABOUT_RETURN_TYPE = YES_ERROR;
				GCC_WARN_UNDECLARED_SELECTOR = YES;
				GCC_WARN_UNINITIALIZED_AUTOS = YES_AGGRESSIVE;
				GCC_WARN_UNUSED_FUNCTION = YES;
				GCC_WARN_UNUSED_VARIABLE = YES;
				IPHONEOS_DEPLOYMENT_TARGET = 15.2;
				MTL_ENABLE_DEBUG_INFO = INCLUDE_SOURCE;
				MTL_FAST_MATH = YES;
				ONLY_ACTIVE_ARCH = YES;
				SDKROOT = iphoneos;
				SWIFT_ACTIVE_COMPILATION_CONDITIONS = DEBUG;
				SWIFT_OPTIMIZATION_LEVEL = "-Onone";
			};
			name = Debug;
		};
		EA14D5022786B16E00EDC892 /* Release */ = {
			isa = XCBuildConfiguration;
			buildSettings = {
				ALWAYS_SEARCH_USER_PATHS = NO;
				CLANG_ANALYZER_NONNULL = YES;
				CLANG_ANALYZER_NUMBER_OBJECT_CONVERSION = YES_AGGRESSIVE;
				CLANG_CXX_LANGUAGE_STANDARD = "gnu++17";
				CLANG_CXX_LIBRARY = "libc++";
				CLANG_ENABLE_MODULES = YES;
				CLANG_ENABLE_OBJC_ARC = YES;
				CLANG_ENABLE_OBJC_WEAK = YES;
				CLANG_WARN_BLOCK_CAPTURE_AUTORELEASING = YES;
				CLANG_WARN_BOOL_CONVERSION = YES;
				CLANG_WARN_COMMA = YES;
				CLANG_WARN_CONSTANT_CONVERSION = YES;
				CLANG_WARN_DEPRECATED_OBJC_IMPLEMENTATIONS = YES;
				CLANG_WARN_DIRECT_OBJC_ISA_USAGE = YES_ERROR;
				CLANG_WARN_DOCUMENTATION_COMMENTS = YES;
				CLANG_WARN_EMPTY_BODY = YES;
				CLANG_WARN_ENUM_CONVERSION = YES;
				CLANG_WARN_INFINITE_RECURSION = YES;
				CLANG_WARN_INT_CONVERSION = YES;
				CLANG_WARN_NON_LITERAL_NULL_CONVERSION = YES;
				CLANG_WARN_OBJC_IMPLICIT_RETAIN_SELF = YES;
				CLANG_WARN_OBJC_LITERAL_CONVERSION = YES;
				CLANG_WARN_OBJC_ROOT_CLASS = YES_ERROR;
				CLANG_WARN_QUOTED_INCLUDE_IN_FRAMEWORK_HEADER = YES;
				CLANG_WARN_RANGE_LOOP_ANALYSIS = YES;
				CLANG_WARN_STRICT_PROTOTYPES = YES;
				CLANG_WARN_SUSPICIOUS_MOVE = YES;
				CLANG_WARN_UNGUARDED_AVAILABILITY = YES_AGGRESSIVE;
				CLANG_WARN_UNREACHABLE_CODE = YES;
				CLANG_WARN__DUPLICATE_METHOD_MATCH = YES;
				COPY_PHASE_STRIP = NO;
				DEBUG_INFORMATION_FORMAT = "dwarf-with-dsym";
				ENABLE_NS_ASSERTIONS = NO;
				ENABLE_STRICT_OBJC_MSGSEND = YES;
				GCC_C_LANGUAGE_STANDARD = gnu11;
				GCC_NO_COMMON_BLOCKS = YES;
				GCC_WARN_64_TO_32_BIT_CONVERSION = YES;
				GCC_WARN_ABOUT_RETURN_TYPE = YES_ERROR;
				GCC_WARN_UNDECLARED_SELECTOR = YES;
				GCC_WARN_UNINITIALIZED_AUTOS = YES_AGGRESSIVE;
				GCC_WARN_UNUSED_FUNCTION = YES;
				GCC_WARN_UNUSED_VARIABLE = YES;
				IPHONEOS_DEPLOYMENT_TARGET = 15.2;
				MTL_ENABLE_DEBUG_INFO = NO;
				MTL_FAST_MATH = YES;
				SDKROOT = iphoneos;
				SWIFT_COMPILATION_MODE = wholemodule;
				SWIFT_OPTIMIZATION_LEVEL = "-O";
				VALIDATE_PRODUCT = YES;
			};
			name = Release;
		};
		EA14D5042786B16E00EDC892 /* Debug */ = {
			isa = XCBuildConfiguration;
			buildSettings = {
				ASSETCATALOG_COMPILER_APPICON_NAME = AppIcon;
				ASSETCATALOG_COMPILER_GLOBAL_ACCENT_COLOR_NAME = AccentColor;
				CODE_SIGN_ENTITLEMENTS = CocoTalk/CocoTalk.entitlements;
				CODE_SIGN_STYLE = Automatic;
				CURRENT_PROJECT_VERSION = 1;
				DEVELOPMENT_TEAM = 92NGUT4BRA;
				GENERATE_INFOPLIST_FILE = YES;
				INFOPLIST_FILE = CocoTalk/Resources/Info.plist;
				INFOPLIST_KEY_NSCameraUsageDescription = "카메라에 접근하도록 허용버튼을 눌러주세요";
				INFOPLIST_KEY_NSPhotoLibraryAddUsageDescription = "사진 앨범에 접근하도록 허용버튼을 눌러주세요.";
				INFOPLIST_KEY_NSPhotoLibraryUsageDescription = "사진 앨범에 접근하도록 허용버튼을 눌러주세요.";
				INFOPLIST_KEY_UIApplicationSupportsIndirectInputEvents = YES;
				INFOPLIST_KEY_UILaunchStoryboardName = LaunchScreen;
				INFOPLIST_KEY_UISupportedInterfaceOrientations = UIInterfaceOrientationPortrait;
				INFOPLIST_KEY_UISupportedInterfaceOrientations_iPad = "UIInterfaceOrientationPortrait UIInterfaceOrientationPortraitUpsideDown UIInterfaceOrientationLandscapeLeft UIInterfaceOrientationLandscapeRight";
				INFOPLIST_KEY_UISupportedInterfaceOrientations_iPhone = "UIInterfaceOrientationPortrait UIInterfaceOrientationLandscapeLeft UIInterfaceOrientationLandscapeRight";
				IPHONEOS_DEPLOYMENT_TARGET = 15.0;
				LD_RUNPATH_SEARCH_PATHS = (
					"$(inherited)",
					"@executable_path/Frameworks",
				);
				MARKETING_VERSION = 1.0;
				PRODUCT_BUNDLE_IDENTIFIER = kr.co.byunghak.tutorial.CocoTalk;
				PRODUCT_NAME = "$(TARGET_NAME)";
				SWIFT_EMIT_LOC_STRINGS = YES;
				SWIFT_VERSION = 5.0;
				TARGETED_DEVICE_FAMILY = "1,2";
			};
			name = Debug;
		};
		EA14D5052786B16E00EDC892 /* Release */ = {
			isa = XCBuildConfiguration;
			buildSettings = {
				ASSETCATALOG_COMPILER_APPICON_NAME = AppIcon;
				ASSETCATALOG_COMPILER_GLOBAL_ACCENT_COLOR_NAME = AccentColor;
				CODE_SIGN_ENTITLEMENTS = CocoTalk/CocoTalk.entitlements;
				CODE_SIGN_STYLE = Automatic;
				CURRENT_PROJECT_VERSION = 1;
				DEVELOPMENT_TEAM = 92NGUT4BRA;
				GENERATE_INFOPLIST_FILE = YES;
				INFOPLIST_FILE = CocoTalk/Resources/Info.plist;
				INFOPLIST_KEY_NSCameraUsageDescription = "카메라에 접근하도록 허용버튼을 눌러주세요";
				INFOPLIST_KEY_NSPhotoLibraryAddUsageDescription = "사진 앨범에 접근하도록 허용버튼을 눌러주세요.";
				INFOPLIST_KEY_NSPhotoLibraryUsageDescription = "사진 앨범에 접근하도록 허용버튼을 눌러주세요.";
				INFOPLIST_KEY_UIApplicationSupportsIndirectInputEvents = YES;
				INFOPLIST_KEY_UILaunchStoryboardName = LaunchScreen;
				INFOPLIST_KEY_UISupportedInterfaceOrientations = UIInterfaceOrientationPortrait;
				INFOPLIST_KEY_UISupportedInterfaceOrientations_iPad = "UIInterfaceOrientationPortrait UIInterfaceOrientationPortraitUpsideDown UIInterfaceOrientationLandscapeLeft UIInterfaceOrientationLandscapeRight";
				INFOPLIST_KEY_UISupportedInterfaceOrientations_iPhone = "UIInterfaceOrientationPortrait UIInterfaceOrientationLandscapeLeft UIInterfaceOrientationLandscapeRight";
				IPHONEOS_DEPLOYMENT_TARGET = 15.0;
				LD_RUNPATH_SEARCH_PATHS = (
					"$(inherited)",
					"@executable_path/Frameworks",
				);
				MARKETING_VERSION = 1.0;
				PRODUCT_BUNDLE_IDENTIFIER = kr.co.byunghak.tutorial.CocoTalk;
				PRODUCT_NAME = "$(TARGET_NAME)";
				SWIFT_EMIT_LOC_STRINGS = YES;
				SWIFT_VERSION = 5.0;
				TARGETED_DEVICE_FAMILY = "1,2";
			};
			name = Release;
		};
/* End XCBuildConfiguration section */

/* Begin XCConfigurationList section */
		EA14D4E72786B16C00EDC892 /* Build configuration list for PBXProject "CocoTalk" */ = {
			isa = XCConfigurationList;
			buildConfigurations = (
				EA14D5012786B16E00EDC892 /* Debug */,
				EA14D5022786B16E00EDC892 /* Release */,
			);
			defaultConfigurationIsVisible = 0;
			defaultConfigurationName = Release;
		};
		EA14D5032786B16E00EDC892 /* Build configuration list for PBXNativeTarget "CocoTalk" */ = {
			isa = XCConfigurationList;
			buildConfigurations = (
				EA14D5042786B16E00EDC892 /* Debug */,
				EA14D5052786B16E00EDC892 /* Release */,
			);
			defaultConfigurationIsVisible = 0;
			defaultConfigurationName = Release;
		};
/* End XCConfigurationList section */

/* Begin XCRemoteSwiftPackageReference section */
		EA14D5152786CA8800EDC892 /* XCRemoteSwiftPackageReference "IQKeyboardManager" */ = {
			isa = XCRemoteSwiftPackageReference;
			repositoryURL = "https://github.com/hackiftekhar/IQKeyboardManager";
			requirement = {
				kind = upToNextMajorVersion;
				minimumVersion = 6.0.0;
			};
		};
		EA22D5452795925700E1F39A /* XCRemoteSwiftPackageReference "Kingfisher" */ = {
			isa = XCRemoteSwiftPackageReference;
			repositoryURL = "https://github.com/onevcat/Kingfisher";
			requirement = {
				kind = upToNextMajorVersion;
				minimumVersion = 7.0.0;
			};
		};
		EA2913D427AA2DAD00324476 /* XCRemoteSwiftPackageReference "Moya" */ = {
			isa = XCRemoteSwiftPackageReference;
			repositoryURL = "https://github.com/Moya/Moya";
			requirement = {
				kind = upToNextMajorVersion;
				minimumVersion = 15.0.0;
			};
		};
		EA29142427B154EA00324476 /* XCRemoteSwiftPackageReference "SwiftKeychainWrapper" */ = {
			isa = XCRemoteSwiftPackageReference;
			repositoryURL = "https://github.com/jrendel/SwiftKeychainWrapper";
			requirement = {
				kind = upToNextMajorVersion;
				minimumVersion = 4.0.0;
			};
		};
		EA29142A27B20A1400324476 /* XCRemoteSwiftPackageReference "firebase-ios-sdk" */ = {
			isa = XCRemoteSwiftPackageReference;
			repositoryURL = "https://github.com/firebase/firebase-ios-sdk.git";
			requirement = {
				kind = upToNextMajorVersion;
				minimumVersion = 8.0.0;
			};
		};
		EA3F3753278BD00D007957EB /* XCRemoteSwiftPackageReference "RxSwift" */ = {
			isa = XCRemoteSwiftPackageReference;
			repositoryURL = "https://github.com/ReactiveX/RxSwift";
			requirement = {
				kind = upToNextMajorVersion;
				minimumVersion = 6.0.0;
			};
		};
		EA3F3765278C4144007957EB /* XCRemoteSwiftPackageReference "RxGesture" */ = {
			isa = XCRemoteSwiftPackageReference;
			repositoryURL = "https://github.com/RxSwiftCommunity/RxGesture";
			requirement = {
				kind = upToNextMajorVersion;
				minimumVersion = 4.0.0;
			};
		};
		EAA6A3C92786CEFE001A7E46 /* XCRemoteSwiftPackageReference "SnapKit" */ = {
			isa = XCRemoteSwiftPackageReference;
			repositoryURL = "https://github.com/SnapKit/SnapKit";
			requirement = {
				kind = upToNextMajorVersion;
				minimumVersion = 5.0.0;
			};
		};
		EAA6A3CC2786CF2B001A7E46 /* XCRemoteSwiftPackageReference "Then" */ = {
			isa = XCRemoteSwiftPackageReference;
			repositoryURL = "https://github.com/devxoul/Then";
			requirement = {
				kind = upToNextMajorVersion;
				minimumVersion = 2.0.0;
			};
		};
/* End XCRemoteSwiftPackageReference section */

/* Begin XCSwiftPackageProductDependency section */
		EA14D5162786CA8800EDC892 /* IQKeyboardManagerSwift */ = {
			isa = XCSwiftPackageProductDependency;
			package = EA14D5152786CA8800EDC892 /* XCRemoteSwiftPackageReference "IQKeyboardManager" */;
			productName = IQKeyboardManagerSwift;
		};
		EA22D5462795925700E1F39A /* Kingfisher */ = {
			isa = XCSwiftPackageProductDependency;
			package = EA22D5452795925700E1F39A /* XCRemoteSwiftPackageReference "Kingfisher" */;
			productName = Kingfisher;
		};
		EA2913D527AA2DAD00324476 /* Moya */ = {
			isa = XCSwiftPackageProductDependency;
			package = EA2913D427AA2DAD00324476 /* XCRemoteSwiftPackageReference "Moya" */;
			productName = Moya;
		};
		EA2913D727AA2DAD00324476 /* ReactiveMoya */ = {
			isa = XCSwiftPackageProductDependency;
			package = EA2913D427AA2DAD00324476 /* XCRemoteSwiftPackageReference "Moya" */;
			productName = ReactiveMoya;
		};
		EA2913D927AA2DAD00324476 /* RxMoya */ = {
			isa = XCSwiftPackageProductDependency;
			package = EA2913D427AA2DAD00324476 /* XCRemoteSwiftPackageReference "Moya" */;
			productName = RxMoya;
		};
		EA29142527B154EB00324476 /* SwiftKeychainWrapper */ = {
			isa = XCSwiftPackageProductDependency;
			package = EA29142427B154EA00324476 /* XCRemoteSwiftPackageReference "SwiftKeychainWrapper" */;
			productName = SwiftKeychainWrapper;
		};
		EA29142B27B20A1400324476 /* FirebaseAnalytics */ = {
			isa = XCSwiftPackageProductDependency;
			package = EA29142A27B20A1400324476 /* XCRemoteSwiftPackageReference "firebase-ios-sdk" */;
			productName = FirebaseAnalytics;
		};
		EA29142D27B20A1400324476 /* FirebaseAuth */ = {
			isa = XCSwiftPackageProductDependency;
			package = EA29142A27B20A1400324476 /* XCRemoteSwiftPackageReference "firebase-ios-sdk" */;
			productName = FirebaseAuth;
		};
		EA29142F27B20A1400324476 /* FirebaseMessaging */ = {
			isa = XCSwiftPackageProductDependency;
			package = EA29142A27B20A1400324476 /* XCRemoteSwiftPackageReference "firebase-ios-sdk" */;
			productName = FirebaseMessaging;
		};
		EA3F3754278BD00D007957EB /* RxCocoa */ = {
			isa = XCSwiftPackageProductDependency;
			package = EA3F3753278BD00D007957EB /* XCRemoteSwiftPackageReference "RxSwift" */;
			productName = RxCocoa;
		};
		EA3F3756278BD00D007957EB /* RxRelay */ = {
			isa = XCSwiftPackageProductDependency;
			package = EA3F3753278BD00D007957EB /* XCRemoteSwiftPackageReference "RxSwift" */;
			productName = RxRelay;
		};
		EA3F3758278BD00D007957EB /* RxSwift */ = {
			isa = XCSwiftPackageProductDependency;
			package = EA3F3753278BD00D007957EB /* XCRemoteSwiftPackageReference "RxSwift" */;
			productName = RxSwift;
		};
		EA3F3766278C4145007957EB /* RxGesture */ = {
			isa = XCSwiftPackageProductDependency;
			package = EA3F3765278C4144007957EB /* XCRemoteSwiftPackageReference "RxGesture" */;
			productName = RxGesture;
		};
		EAA6A3CA2786CEFE001A7E46 /* SnapKit */ = {
			isa = XCSwiftPackageProductDependency;
			package = EAA6A3C92786CEFE001A7E46 /* XCRemoteSwiftPackageReference "SnapKit" */;
			productName = SnapKit;
		};
		EAA6A3CD2786CF2B001A7E46 /* Then */ = {
			isa = XCSwiftPackageProductDependency;
			package = EAA6A3CC2786CF2B001A7E46 /* XCRemoteSwiftPackageReference "Then" */;
			productName = Then;
		};
/* End XCSwiftPackageProductDependency section */

/* Begin XCVersionGroup section */
		EA14D4F82786B16C00EDC892 /* CocoTalk.xcdatamodeld */ = {
			isa = XCVersionGroup;
			children = (
				EA14D4F92786B16C00EDC892 /* CocoTalk.xcdatamodel */,
			);
			currentVersion = EA14D4F92786B16C00EDC892 /* CocoTalk.xcdatamodel */;
			path = CocoTalk.xcdatamodeld;
			sourceTree = "<group>";
			versionGroupType = wrapper.xcdatamodel;
		};
/* End XCVersionGroup section */
	};
	rootObject = EA14D4E42786B16C00EDC892 /* Project object */;
}
